
Microsoft Visual Studio Solution File, Format Version 12.00
# Visual Studio Version 16
VisualStudioVersion = 16.0.31911.196
MinimumVisualStudioVersion = 10.0.40219.1
Project("{FAE04EC0-301F-11D3-BF4B-00C04F79EFBC}") = "Find The Median", "Find The Median.csproj", "{08336432-B9F6-41A4-AF47-7F909D0E894F}"
EndProject
Global
	GlobalSection(SolutionConfigurationPlatforms) = preSolution
		Debug|Any CPU = Debug|Any CPU
		Release|Any CPU = Release|Any CPU
	EndGlobalSection
	GlobalSection(ProjectConfigurationPlatforms) = postSolution
		{08336432-B9F6-41A4-AF47-7F909D0E894F}.Debug|Any CPU.ActiveCfg = Debug|Any CPU
		{08336432-B9F6-41A4-AF47-7F909D0E894F}.Debug|Any CPU.Build.0 = Debug|Any CPU
		{08336432-B9F6-41A4-AF47-7F909D0E894F}.Release|Any CPU.ActiveCfg = Release|Any CPU
		{08336432-B9F6-41A4-AF47-7F909D0E894F}.Release|Any CPU.Build.0 = Release|Any CPU
	EndGlobalSection
	GlobalSection(SolutionProperties) = preSolution
		HideSolutionNode = FALSE
	EndGlobalSection
	GlobalSection(ExtensibilityGlobals) = postSolution
		SolutionGuid = {1F00AA28-0390-4738-A233-E4DD73E60E3A}
	EndGlobalSection
EndGlobal
